
Microsoft Visual Studio Solution File, Format Version 12.00
# Visual Studio Version 17
VisualStudioVersion = 17.9.34622.214
MinimumVisualStudioVersion = 10.0.40219.1
Project("{FAE04EC0-301F-11D3-BF4B-00C04F79EFBC}") = "RazorPagesMovie", "RazorPagesMovie.csproj", "{C22C336E-ECAA-4A28-8E4F-DF69CF547C94}"
EndProject
Global
	GlobalSection(SolutionConfigurationPlatforms) = preSolution
		Debug|Any CPU = Debug|Any CPU
		Release|Any CPU = Release|Any CPU
	EndGlobalSection
	GlobalSection(ProjectConfigurationPlatforms) = postSolution
		{C22C336E-ECAA-4A28-8E4F-DF69CF547C94}.Debug|Any CPU.ActiveCfg = Debug|Any CPU
		{C22C336E-ECAA-4A28-8E4F-DF69CF547C94}.Debug|Any CPU.Build.0 = Debug|Any CPU
		{C22C336E-ECAA-4A28-8E4F-DF69CF547C94}.Release|Any CPU.ActiveCfg = Release|Any CPU
		{C22C336E-ECAA-4A28-8E4F-DF69CF547C94}.Release|Any CPU.Build.0 = Release|Any CPU
	EndGlobalSection
	GlobalSection(SolutionProperties) = preSolution
		HideSolutionNode = FALSE
	EndGlobalSection
	GlobalSection(ExtensibilityGlobals) = postSolution
		SolutionGuid = {324B51A2-F9D8-4CC1-8B7C-D374D42A1D54}
	EndGlobalSection
EndGlobal
