
Microsoft Visual Studio Solution File, Format Version 12.00
# Visual Studio Version 17
VisualStudioVersion = 17.9.34701.34
MinimumVisualStudioVersion = 10.0.40219.1
Project("{9A19103F-16F7-4668-BE54-9A1E7A4F7556}") = "BookStoreControllerAPI_MongoDB", "BookStoreControllerAPI_MongoDB.csproj", "{44F4D3FA-0D06-4A5A-A664-DCB88033733D}"
EndProject
Global
	GlobalSection(SolutionConfigurationPlatforms) = preSolution
		Debug|Any CPU = Debug|Any CPU
		Release|Any CPU = Release|Any CPU
	EndGlobalSection
	GlobalSection(ProjectConfigurationPlatforms) = postSolution
		{44F4D3FA-0D06-4A5A-A664-DCB88033733D}.Debug|Any CPU.ActiveCfg = Debug|Any CPU
		{44F4D3FA-0D06-4A5A-A664-DCB88033733D}.Debug|Any CPU.Build.0 = Debug|Any CPU
		{44F4D3FA-0D06-4A5A-A664-DCB88033733D}.Release|Any CPU.ActiveCfg = Release|Any CPU
		{44F4D3FA-0D06-4A5A-A664-DCB88033733D}.Release|Any CPU.Build.0 = Release|Any CPU
	EndGlobalSection
	GlobalSection(SolutionProperties) = preSolution
		HideSolutionNode = FALSE
	EndGlobalSection
	GlobalSection(ExtensibilityGlobals) = postSolution
		SolutionGuid = {9045CB0A-C5BC-49C1-ACD7-84BD2E50ECE3}
	EndGlobalSection
EndGlobal
